{
  "name": "webdav",
  "version": "1.0.0",
  "lockfileVersion": 1,
  "requires": true,
  "dependencies": {
    "mime-db": {
      "version": "1.37.0",
      "resolved": "https://registry.npmjs.org/mime-db/-/mime-db-1.37.0.tgz",
      "integrity": "sha512-R3C4db6bgQhlIhPU48fUtdVmKnflq+hRdad7IyKhtFj06VPNVdk2RhiYL3UjQIlso8L+YxAtFkobT0VK+S/ybg=="
    },
    "mime-types": {
      "version": "2.1.21",
      "resolved": "https://registry.npmjs.org/mime-types/-/mime-types-2.1.21.tgz",
      "integrity": "sha512-3iL6DbwpyLzjR3xHSFNFeb9Nz/M8WDkX33t1GFQnFOllWk8pOrh/LSrB5OXlnlW5P9LH73X6loW/eogc+F5lJg==",
      "requires": {
        "mime-db": "~1.37.0"
      }
    },
    "sax": {
      "version": "1.2.4",
      "resolved": "https://registry.npmjs.org/sax/-/sax-1.2.4.tgz",
      "integrity": "sha512-NqVDv9TpANUjFm0N8uM5GxL36UgKi9/atZw+x7YFnQ8ckwFGKrl4xX4yWtrey3UJm5nP1kUbnYgLopqWNSRhWw=="
    },
    "webdav-server": {
      "version": "2.4.1",
      "resolved": "https://registry.npmjs.org/webdav-server/-/webdav-server-2.4.1.tgz",
      "integrity": "sha512-Ln41spLrA0NIpkO51DPAVczWXXICEJuXPyZqgnxLGIIgUtVVu7HMrlT4QrzHogqJ4z7raPkWSE6FDuS5x5tgDA==",
      "requires": {
        "mime-types": "^2.1.18",
        "xml-js-builder": "^1.0.3"
      }
    },
    "xml-js": {
      "version": "1.6.8",
      "resolved": "https://registry.npmjs.org/xml-js/-/xml-js-1.6.8.tgz",
      "integrity": "sha512-kUv/geyN80d+s1T68uBfjoz+PjNUjwwf5AWWRwKRqqQaGozpMVsFsKYnenPsxlbN/VL7f0ia8NfLLPCDwX+95Q==",
      "requires": {
        "sax": "^1.2.4"
      }
    },
    "xml-js-builder": {
      "version": "1.0.3",
      "resolved": "https://registry.npmjs.org/xml-js-builder/-/xml-js-builder-1.0.3.tgz",
      "integrity": "sha512-BoLgG/glT45M0jK5PGh9h+iGrQxa8jJk9ofR63GroRifl2tbGB3/yYiVY3wQWHrZgWWfl9+7fhEB/VoD9mWnSg==",
      "requires": {
        "xml-js": "^1.6.2"
      }
    }
  }
}
